
Microsoft Visual Studio Solution File, Format Version 12.00
# Visual Studio Version 17
VisualStudioVersion = 17.7.34221.43
MinimumVisualStudioVersion = 10.0.40219.1
Project("{FAE04EC0-301F-11D3-BF4B-00C04F79EFBC}") = "SyncFusionPDF", "SyncFusionPDF\SyncFusionPDF.csproj", "{11D70824-AADA-44CF-9FFE-8CE753570741}"
EndProject
Global
	GlobalSection(SolutionConfigurationPlatforms) = preSolution
		Debug|Any CPU = Debug|Any CPU
		Release|Any CPU = Release|Any CPU
	EndGlobalSection
	GlobalSection(ProjectConfigurationPlatforms) = postSolution
		{11D70824-AADA-44CF-9FFE-8CE753570741}.Debug|Any CPU.ActiveCfg = Debug|Any CPU
		{11D70824-AADA-44CF-9FFE-8CE753570741}.Debug|Any CPU.Build.0 = Debug|Any CPU
		{11D70824-AADA-44CF-9FFE-8CE753570741}.Release|Any CPU.ActiveCfg = Release|Any CPU
		{11D70824-AADA-44CF-9FFE-8CE753570741}.Release|Any CPU.Build.0 = Release|Any CPU
	EndGlobalSection
	GlobalSection(SolutionProperties) = preSolution
		HideSolutionNode = FALSE
	EndGlobalSection
	GlobalSection(ExtensibilityGlobals) = postSolution
		SolutionGuid = {C72A054B-4AFC-42FF-BD57-3F45CC123B2F}
	EndGlobalSection
EndGlobal
